
Microsoft Visual Studio Solution File, Format Version 11.00
# Visual Studio 2010
Project("{FAE04EC0-301F-11D3-BF4B-00C04F79EFBC}") = "PVIBCon", "WcfJsonpService\PVIBCon.csproj", "{53CEF922-50BF-437C-90ED-D935ECEEE173}"
EndProject
Project("{FAE04EC0-301F-11D3-BF4B-00C04F79EFBC}") = "PVIBroker", "PVIBroker\PVIBroker.csproj", "{5102F602-8517-4EF3-AF35-BFBA9B73A1D9}"
EndProject
Project("{FAE04EC0-301F-11D3-BF4B-00C04F79EFBC}") = "LibPVITree", "LibPVITree\LibPVITree.csproj", "{6D78511F-F036-4182-93B5-9AFC92B7A842}"
EndProject
Global
	GlobalSection(SolutionConfigurationPlatforms) = preSolution
		Debug|Any CPU = Debug|Any CPU
		Debug|Mixed Platforms = Debug|Mixed Platforms
		Debug|x86 = Debug|x86
		Release|Any CPU = Release|Any CPU
		Release|Mixed Platforms = Release|Mixed Platforms
		Release|x86 = Release|x86
	EndGlobalSection
	GlobalSection(ProjectConfigurationPlatforms) = postSolution
		{53CEF922-50BF-437C-90ED-D935ECEEE173}.Debug|Any CPU.ActiveCfg = Debug|x86
		{53CEF922-50BF-437C-90ED-D935ECEEE173}.Debug|Mixed Platforms.ActiveCfg = Debug|x86
		{53CEF922-50BF-437C-90ED-D935ECEEE173}.Debug|Mixed Platforms.Build.0 = Debug|x86
		{53CEF922-50BF-437C-90ED-D935ECEEE173}.Debug|x86.ActiveCfg = Debug|x86
		{53CEF922-50BF-437C-90ED-D935ECEEE173}.Debug|x86.Build.0 = Debug|x86
		{53CEF922-50BF-437C-90ED-D935ECEEE173}.Release|Any CPU.ActiveCfg = Release|x86
		{53CEF922-50BF-437C-90ED-D935ECEEE173}.Release|Mixed Platforms.ActiveCfg = Release|x86
		{53CEF922-50BF-437C-90ED-D935ECEEE173}.Release|Mixed Platforms.Build.0 = Release|x86
		{53CEF922-50BF-437C-90ED-D935ECEEE173}.Release|x86.ActiveCfg = Release|x86
		{53CEF922-50BF-437C-90ED-D935ECEEE173}.Release|x86.Build.0 = Release|x86
		{5102F602-8517-4EF3-AF35-BFBA9B73A1D9}.Debug|Any CPU.ActiveCfg = Debug|x86
		{5102F602-8517-4EF3-AF35-BFBA9B73A1D9}.Debug|Mixed Platforms.ActiveCfg = Debug|x86
		{5102F602-8517-4EF3-AF35-BFBA9B73A1D9}.Debug|Mixed Platforms.Build.0 = Debug|x86
		{5102F602-8517-4EF3-AF35-BFBA9B73A1D9}.Debug|x86.ActiveCfg = Debug|x86
		{5102F602-8517-4EF3-AF35-BFBA9B73A1D9}.Debug|x86.Build.0 = Debug|x86
		{5102F602-8517-4EF3-AF35-BFBA9B73A1D9}.Release|Any CPU.ActiveCfg = Release|x86
		{5102F602-8517-4EF3-AF35-BFBA9B73A1D9}.Release|Mixed Platforms.ActiveCfg = Release|x86
		{5102F602-8517-4EF3-AF35-BFBA9B73A1D9}.Release|Mixed Platforms.Build.0 = Release|x86
		{5102F602-8517-4EF3-AF35-BFBA9B73A1D9}.Release|x86.ActiveCfg = Release|x86
		{5102F602-8517-4EF3-AF35-BFBA9B73A1D9}.Release|x86.Build.0 = Release|x86
		{6D78511F-F036-4182-93B5-9AFC92B7A842}.Debug|Any CPU.ActiveCfg = Debug|Any CPU
		{6D78511F-F036-4182-93B5-9AFC92B7A842}.Debug|Any CPU.Build.0 = Debug|Any CPU
		{6D78511F-F036-4182-93B5-9AFC92B7A842}.Debug|Mixed Platforms.ActiveCfg = Debug|Any CPU
		{6D78511F-F036-4182-93B5-9AFC92B7A842}.Debug|Mixed Platforms.Build.0 = Debug|Any CPU
		{6D78511F-F036-4182-93B5-9AFC92B7A842}.Debug|x86.ActiveCfg = Debug|Any CPU
		{6D78511F-F036-4182-93B5-9AFC92B7A842}.Release|Any CPU.ActiveCfg = Release|Any CPU
		{6D78511F-F036-4182-93B5-9AFC92B7A842}.Release|Any CPU.Build.0 = Release|Any CPU
		{6D78511F-F036-4182-93B5-9AFC92B7A842}.Release|Mixed Platforms.ActiveCfg = Release|Any CPU
		{6D78511F-F036-4182-93B5-9AFC92B7A842}.Release|Mixed Platforms.Build.0 = Release|Any CPU
		{6D78511F-F036-4182-93B5-9AFC92B7A842}.Release|x86.ActiveCfg = Release|Any CPU
	EndGlobalSection
	GlobalSection(SolutionProperties) = preSolution
		HideSolutionNode = FALSE
	EndGlobalSection
EndGlobal
